# Hash-locked build tools for CPython 3.12 on Linux amd64.
#
# Every entry identifies the single wheel selected for this target and pins its
# SHA-256 from the official PyPI release metadata (verified 2026-08-30).
# Pure-Python wheels are intentionally target-independent; no source
# distribution is permitted.

# wheel: setuptools-81.0.0-py3-none-any.whl
setuptools==81.0.0 \
    --hash=sha256:fdd925d5c5d9f62e4b74b30d6dd7828ce236fd6ed998a08d81de62ce5a6310d6
# wheel: wheel-0.45.1-py3-none-any.whl
wheel==0.45.1 \
    --hash=sha256:708e7481cc80179af0e556bbf0cc00b8444c7321e2700b8d8580231d13017248
