# Complete hash-locked runtime dependency closure for CPython 3.12 on Linux
# amd64 (Debian Bookworm / manylinux-compatible glibc).
#
# Every entry identifies the single target wheel and pins its SHA-256 from the
# official PyPI release metadata (existing entries verified 2026-08-30;
# PyArrow verified 2026-08-31).  py3-none-any and
# py2.py3-none-any wheels are intentional pure-Python artifacts; cp310/cp311
# abi3 wheels are compatible with CPython 3.12.  No source distribution is
# permitted.

# wheel: a2a_sdk-0.3.11-py3-none-any.whl
a2a-sdk==0.3.11 \
    --hash=sha256:f57673d5f38b3e0eb7c5b57e7dc126404d02c54c90692395ab4fd06aaa80cc8f
# wheel: annotated_doc-0.0.5-py3-none-any.whl
annotated-doc==0.0.5 \
    --hash=sha256:117bac03a25ede5df5440e855b32d556049ca169ead221505badf432fed4b101
# wheel: annotated_types-0.8.0-py3-none-any.whl
annotated-types==0.8.0 \
    --hash=sha256:f072f4d804ea359e4eaf198b1af7a8b0943881a87f31bb764f8bf219bb9419e0
# wheel: anyio-4.14.2-py3-none-any.whl
anyio==4.14.2 \
    --hash=sha256:9f505dda5ac9f0c8309b5e8bd445a8c2bf7246f3ce950121e45ea15bc41d1494
# wheel: certifi-2026.7.22-py3-none-any.whl
certifi==2026.7.22 \
    --hash=sha256:62f22742b58a1a33014a2b6b706588a8d7e2a88ae7bd1a6ebe8c992928483775
# wheel: cffi-2.1.1-cp312-cp312-manylinux2014_x86_64.manylinux_2_17_x86_64.whl
cffi==2.1.1 \
    --hash=sha256:c1453022f490d2459a11819d83ad1d586e9ff65a12ac3e705ffebd46d3685dcf
# wheel: charset_normalizer-3.5.1-cp312-cp312-manylinux2014_x86_64.manylinux_2_17_x86_64.manylinux_2_28_x86_64.whl
charset-normalizer==3.5.1 \
    --hash=sha256:b9af956078716df40d985fb0dfeb2c2120c5ca92ba4ff4b388acfd01cdc14d08
# wheel: click-8.5.0-py3-none-any.whl
click==8.5.0 \
    --hash=sha256:255bc9599cf7748b4b1a446ccc735421bd08a2ae529a8b88597d3de5664ee360
# wheel: cryptography-50.0.1-cp311-abi3-manylinux_2_34_x86_64.whl
cryptography==50.0.1 \
    --hash=sha256:51afcfceb15597cf2635068e4ac9a56b2abde622edde17f37d85fd7b5306497a
# wheel: duckdb-1.5.5-cp312-cp312-manylinux_2_26_x86_64.manylinux_2_28_x86_64.whl
duckdb==1.5.5 \
    --hash=sha256:7a6d2d11859d82a936ebdcb30ce3d8a1cbb3e990bff05c12abb9b54c44fa7bd1
# wheel: fastapi-0.141.1-py3-none-any.whl
fastapi==0.141.1 \
    --hash=sha256:bfb91aa2d334c61cb35ba9a116fc123b3d3df31640b801cf57a7a78ec3f603b3
# wheel: google_api_core-2.34.0-py3-none-any.whl
google-api-core==2.34.0 \
    --hash=sha256:cdf9c67e7ca2402d86ccbfde5f2503fc83e3cc3f58cc78456ae96cad24a6d2de
# wheel: google_auth-2.57.0-py3-none-any.whl
google-auth==2.57.0 \
    --hash=sha256:180dafe015cfb62193bea26b677500fab5b9fd51a1e825ebf3ad9b182047ae59
# wheel: googleapis_common_protos-1.75.2-py3-none-any.whl
googleapis-common-protos==1.75.2 \
    --hash=sha256:6b83302f554ea93a0f48409c7fc2050f954bcbcddb7e3a9c76d4a823cb22920e
# wheel: h11-0.16.0-py3-none-any.whl
h11==0.16.0 \
    --hash=sha256:63cf8bbe7522de3bf65932fda1d9c2772064ffb3dae62d55932da54b31cb6c86
# wheel: httpcore-1.0.9-py3-none-any.whl
httpcore==1.0.9 \
    --hash=sha256:2d400746a40668fc9dec9810239072b40b4484b640a8c38fd654a024c7a1bf55
# wheel: httpx-0.28.1-py3-none-any.whl
httpx==0.28.1 \
    --hash=sha256:d909fcccc110f8c7faf814ca82a9a4d816bc5a6dbfea25d6591d6985b8ba59ad
# wheel: httpx_sse-0.4.3-py3-none-any.whl
httpx-sse==0.4.3 \
    --hash=sha256:0ac1c9fe3c0afad2e0ebb25a934a59f4c7823b60792691f779fad2c5568830fc
# wheel: idna-3.19-py3-none-any.whl
idna==3.19 \
    --hash=sha256:815e7be7a7806d54abb586dc943addc79e8b2ee16915059658cbeff4b1b43bf4
# wheel: proto_plus-1.28.4-py3-none-any.whl
proto-plus==1.28.4 \
    --hash=sha256:4b01341272f8a348db3f003b6143109f83ab43091019d5181b3fcdf500ab32aa
# wheel: protobuf-7.36.0-cp310-abi3-manylinux2014_x86_64.whl
protobuf==7.36.0 \
    --hash=sha256:70f5ec8eb0da81a44360c0dc0beac99a0d78071d21956a7076bae8bd2051841b
# wheel: pyarrow-25.0.0-cp312-cp312-manylinux_2_28_x86_64.whl
pyarrow==25.0.0 \
    --hash=sha256:5d1dbf24e151042f2fa3c129563f65d66674128868496fb008c4272b16bdf778
# wheel: pyasn1-0.6.4-py3-none-any.whl
pyasn1==0.6.4 \
    --hash=sha256:deda9277cfd454080ec40b207fb6df82206a3a2688735233cdcd8d3d565f088b
# wheel: pyasn1_modules-0.4.2-py3-none-any.whl
pyasn1-modules==0.4.2 \
    --hash=sha256:29253a9207ce32b64c3ac6600edc75368f98473906e8fd1043bd6b5b1de2c14a
# wheel: pycparser-3.0-py3-none-any.whl
pycparser==3.0 \
    --hash=sha256:b727414169a36b7d524c1c3e31839a521725078d7b2ff038656844266160a992
# wheel: pydantic-2.13.4-py3-none-any.whl
pydantic==2.13.4 \
    --hash=sha256:45a282cde31d808236fd7ea9d919b128653c8b38b393d1c4ab335c62924d9aba
# wheel: pydantic_core-2.46.4-cp312-cp312-manylinux_2_17_x86_64.manylinux2014_x86_64.whl
pydantic-core==2.46.4 \
    --hash=sha256:926c9541b14b12b1681dca8a0b75feb510b06c6341b70a8e500c2fdcff837cce
# wheel: pytz-2026.3.post1-py2.py3-none-any.whl
pytz==2026.3.post1 \
    --hash=sha256:dd95840dd199baea12d9cc096a1d452caa6596a1c1e4b5f3dbd1541855d5e815
# wheel: requests-2.34.2-py3-none-any.whl
requests==2.34.2 \
    --hash=sha256:2a0d60c172f83ac6ab31e4554906c0f3b3588d37b5cb939b1c061f4907e278e0
# wheel: sse_starlette-3.4.8-py3-none-any.whl
sse-starlette==3.4.8 \
    --hash=sha256:6e82314c786709a3cd9520f2285cf9fff90e181e598e8a357b0cf80f66afba0d
# wheel: starlette-1.6.0-py3-none-any.whl
starlette==1.6.0 \
    --hash=sha256:a86dd39d14bb45f85a3d18525215a9ef0cfd1f192ac793220e72598c90335f0c
# wheel: typing_extensions-4.16.0-py3-none-any.whl
typing-extensions==4.16.0 \
    --hash=sha256:481caa481374e813c1b176ada14e97f1f67a4539ce9cfeb3f350d78d6370c2e8
# wheel: typing_inspection-0.4.4-py3-none-any.whl
typing-inspection==0.4.4 \
    --hash=sha256:65b8397ba37ccbce054456aaccddfc91e6e3083c92824df348d96ca832f3f147
# wheel: urllib3-2.7.0-py3-none-any.whl
urllib3==2.7.0 \
    --hash=sha256:9fb4c81ebbb1ce9531cce37674bbc6f1360472bc18ca9a553ede278ef7276897
# wheel: uvicorn-0.35.0-py3-none-any.whl
uvicorn==0.35.0 \
    --hash=sha256:197535216b25ff9b785e29a0b79199f55222193d47f820816e7da751e9bc8d4a
